// !$*UTF8*$!
{
	archiveVersion = 1;
	classes = {
	};
	objectVersion = 77;
	objects = {

/* Begin PBXBuildFile section */
		6887354C2DD1CDC500CFC8C2 /* HotKey in Frameworks */ = {isa = PBXBuildFile; productRef = 6887354B2DD1CDC500CFC8C2 /* HotKey */; };
/* End PBXBuildFile section */

/* Begin PBXContainerItemProxy section */
		688735272DD1CA5100CFC8C2 /* PBXContainerItemProxy */ = {
			isa = PBXContainerItemProxy;
			containerPortal = 688735102DD1CA4F00CFC8C2 /* Project object */;
			proxyType = 1;
			remoteGlobalIDString = 688735172DD1CA4F00CFC8C2;
			remoteInfo = DeepLCloneMacApp;
		};
		688735312DD1CA5100CFC8C2 /* PBXContainerItemProxy */ = {
			isa = PBXContainerItemProxy;
			containerPortal = 688735102DD1CA4F00CFC8C2 /* Project object */;
			proxyType = 1;
			remoteGlobalIDString = 688735172DD1CA4F00CFC8C2;
			remoteInfo = DeepLCloneMacApp;
		};
/* End PBXContainerItemProxy section */

/* Begin PBXFileReference section */
		688735182DD1CA4F00CFC8C2 /* DeepLCloneMacApp.app */ = {isa = PBXFileReference; explicitFileType = wrapper.application; includeInIndex = 0; path = DeepLCloneMacApp.app; sourceTree = BUILT_PRODUCTS_DIR; };
		688735262DD1CA5100CFC8C2 /* DeepLCloneMacAppTests.xctest */ = {isa = PBXFileReference; explicitFileType = wrapper.cfbundle; includeInIndex = 0; path = DeepLCloneMacAppTests.xctest; sourceTree = BUILT_PRODUCTS_DIR; };
		688735302DD1CA5100CFC8C2 /* DeepLCloneMacAppUITests.xctest */ = {isa = PBXFileReference; explicitFileType = wrapper.cfbundle; includeInIndex = 0; path = DeepLCloneMacAppUITests.xctest; sourceTree = BUILT_PRODUCTS_DIR; };
/* End PBXFileReference section */

/* Begin PBXFileSystemSynchronizedRootGroup section */
		6887351A2DD1CA4F00CFC8C2 /* DeepLCloneMacApp */ = {
			isa = PBXFileSystemSynchronizedRootGroup;
			path = DeepLCloneMacApp;
			sourceTree = "<group>";
		};
		688735292DD1CA5100CFC8C2 /* DeepLCloneMacAppTests */ = {
			isa = PBXFileSystemSynchronizedRootGroup;
			path = DeepLCloneMacAppTests;
			sourceTree = "<group>";
		};
		688735332DD1CA5100CFC8C2 /* DeepLCloneMacAppUITests */ = {
			isa = PBXFileSystemSynchronizedRootGroup;
			path = DeepLCloneMacAppUITests;
			sourceTree = "<group>";
		};
/* End PBXFileSystemSynchronizedRootGroup section */

/* Begin PBXFrameworksBuildPhase section */
		688735152DD1CA4F00CFC8C2 /* Frameworks */ = {
			isa = PBXFrameworksBuildPhase;
			buildActionMask = 2147483647;
			files = (
				6887354C2DD1CDC500CFC8C2 /* HotKey in Frameworks */,
			);
			runOnlyForDeploymentPostprocessing = 0;
		};
		688735232DD1CA5100CFC8C2 /* Frameworks */ = {
			isa = PBXFrameworksBuildPhase;
			buildActionMask = 2147483647;
			files = (
			);
			runOnlyForDeploymentPostprocessing = 0;
		};
		6887352D2DD1CA5100CFC8C2 /* Frameworks */ = {
			isa = PBXFrameworksBuildPhase;
			buildActionMask = 2147483647;
			files = (
			);
			runOnlyForDeploymentPostprocessing = 0;
		};
/* End PBXFrameworksBuildPhase section */

/* Begin PBXGroup section */
		6887350F2DD1CA4F00CFC8C2 = {
			isa = PBXGroup;
			children = (
				6887351A2DD1CA4F00CFC8C2 /* DeepLCloneMacApp */,
				688735292DD1CA5100CFC8C2 /* DeepLCloneMacAppTests */,
				688735332DD1CA5100CFC8C2 /* DeepLCloneMacAppUITests */,
				6887354A2DD1CDC500CFC8C2 /* Frameworks */,
				688735192DD1CA4F00CFC8C2 /* Products */,
			);
			sourceTree = "<group>";
		};
		688735192DD1CA4F00CFC8C2 /* Products */ = {
			isa = PBXGroup;
			children = (
				688735182DD1CA4F00CFC8C2 /* DeepLCloneMacApp.app */,
				688735262DD1CA5100CFC8C2 /* DeepLCloneMacAppTests.xctest */,
				688735302DD1CA5100CFC8C2 /* DeepLCloneMacAppUITests.xctest */,
			);
			name = Products;
			sourceTree = "<group>";
		};
		6887354A2DD1CDC500CFC8C2 /* Frameworks */ = {
			isa = PBXGroup;
			children = (
			);
			name = Frameworks;
			sourceTree = "<group>";
		};
/* End PBXGroup section */

/* Begin PBXNativeTarget section */
		688735172DD1CA4F00CFC8C2 /* DeepLCloneMacApp */ = {
			isa = PBXNativeTarget;
			buildConfigurationList = 6887353A2DD1CA5100CFC8C2 /* Build configuration list for PBXNativeTarget "DeepLCloneMacApp" */;
			buildPhases = (
				688735142DD1CA4F00CFC8C2 /* Sources */,
				688735152DD1CA4F00CFC8C2 /* Frameworks */,
				688735162DD1CA4F00CFC8C2 /* Resources */,
			);
			buildRules = (
			);
			dependencies = (
			);
			fileSystemSynchronizedGroups = (
				6887351A2DD1CA4F00CFC8C2 /* DeepLCloneMacApp */,
			);
			name = DeepLCloneMacApp;
			packageProductDependencies = (
				6887354B2DD1CDC500CFC8C2 /* HotKey */,
			);
			productName = DeepLCloneMacApp;
			productReference = 688735182DD1CA4F00CFC8C2 /* DeepLCloneMacApp.app */;
			productType = "com.apple.product-type.application";
		};
		688735252DD1CA5100CFC8C2 /* DeepLCloneMacAppTests */ = {
			isa = PBXNativeTarget;
			buildConfigurationList = 6887353D2DD1CA5100CFC8C2 /* Build configuration list for PBXNativeTarget "DeepLCloneMacAppTests" */;
			buildPhases = (
				688735222DD1CA5100CFC8C2 /* Sources */,
				688735232DD1CA5100CFC8C2 /* Frameworks */,
				688735242DD1CA5100CFC8C2 /* Resources */,
			);
			buildRules = (
			);
			dependencies = (
				688735282DD1CA5100CFC8C2 /* PBXTargetDependency */,
			);
			fileSystemSynchronizedGroups = (
				688735292DD1CA5100CFC8C2 /* DeepLCloneMacAppTests */,
			);
			name = DeepLCloneMacAppTests;
			packageProductDependencies = (
			);
			productName = DeepLCloneMacAppTests;
			productReference = 688735262DD1CA5100CFC8C2 /* DeepLCloneMacAppTests.xctest */;
			productType = "com.apple.product-type.bundle.unit-test";
		};
		6887352F2DD1CA5100CFC8C2 /* DeepLCloneMacAppUITests */ = {
			isa = PBXNativeTarget;
			buildConfigurationList = 688735402DD1CA5100CFC8C2 /* Build configuration list for PBXNativeTarget "DeepLCloneMacAppUITests" */;
			buildPhases = (
				6887352C2DD1CA5100CFC8C2 /* Sources */,
				6887352D2DD1CA5100CFC8C2 /* Frameworks */,
				6887352E2DD1CA5100CFC8C2 /* Resources */,
			);
			buildRules = (
			);
			dependencies = (
				688735322DD1CA5100CFC8C2 /* PBXTargetDependency */,
			);
			fileSystemSynchronizedGroups = (
				688735332DD1CA5100CFC8C2 /* DeepLCloneMacAppUITests */,
			);
			name = DeepLCloneMacAppUITests;
			packageProductDependencies = (
			);
			productName = DeepLCloneMacAppUITests;
			productReference = 688735302DD1CA5100CFC8C2 /* DeepLCloneMacAppUITests.xctest */;
			productType = "com.apple.product-type.bundle.ui-testing";
		};
/* End PBXNativeTarget section */

/* Begin PBXProject section */
		688735102DD1CA4F00CFC8C2 /* Project object */ = {
			isa = PBXProject;
			attributes = {
				BuildIndependentTargetsInParallel = 1;
				LastSwiftUpdateCheck = 1630;
				LastUpgradeCheck = 1630;
				TargetAttributes = {
					688735172DD1CA4F00CFC8C2 = {
						CreatedOnToolsVersion = 16.3;
					};
					688735252DD1CA5100CFC8C2 = {
						CreatedOnToolsVersion = 16.3;
						TestTargetID = 688735172DD1CA4F00CFC8C2;
					};
					6887352F2DD1CA5100CFC8C2 = {
						CreatedOnToolsVersion = 16.3;
						TestTargetID = 688735172DD1CA4F00CFC8C2;
					};
				};
			};
			buildConfigurationList = 688735132DD1CA4F00CFC8C2 /* Build configuration list for PBXProject "DeepLCloneMacApp" */;
			developmentRegion = en;
			hasScannedForEncodings = 0;
			knownRegions = (
				en,
				Base,
			);
			mainGroup = 6887350F2DD1CA4F00CFC8C2;
			minimizedProjectReferenceProxies = 1;
			packageReferences = (
				688735432DD1CB8700CFC8C2 /* XCRemoteSwiftPackageReference "HotKey" */,
			);
			preferredProjectObjectVersion = 77;
			productRefGroup = 688735192DD1CA4F00CFC8C2 /* Products */;
			projectDirPath = "";
			projectRoot = "";
			targets = (
				688735172DD1CA4F00CFC8C2 /* DeepLCloneMacApp */,
				688735252DD1CA5100CFC8C2 /* DeepLCloneMacAppTests */,
				6887352F2DD1CA5100CFC8C2 /* DeepLCloneMacAppUITests */,
			);
		};
/* End PBXProject section */

/* Begin PBXResourcesBuildPhase section */
		688735162DD1CA4F00CFC8C2 /* Resources */ = {
			isa = PBXResourcesBuildPhase;
			buildActionMask = 2147483647;
			files = (
			);
			runOnlyForDeploymentPostprocessing = 0;
		};
		688735242DD1CA5100CFC8C2 /* Resources */ = {
			isa = PBXResourcesBuildPhase;
			buildActionMask = 2147483647;
			files = (
			);
			runOnlyForDeploymentPostprocessing = 0;
		};
		6887352E2DD1CA5100CFC8C2 /* Resources */ = {
			isa = PBXResourcesBuildPhase;
			buildActionMask = 2147483647;
			files = (
			);
			runOnlyForDeploymentPostprocessing = 0;
		};
/* End PBXResourcesBuildPhase section */

/* Begin PBXSourcesBuildPhase section */
		688735142DD1CA4F00CFC8C2 /* Sources */ = {
			isa = PBXSourcesBuildPhase;
			buildActionMask = 2147483647;
			files = (
			);
			runOnlyForDeploymentPostprocessing = 0;
		};
		688735222DD1CA5100CFC8C2 /* Sources */ = {
			isa = PBXSourcesBuildPhase;
			buildActionMask = 2147483647;
			files = (
			);
			runOnlyForDeploymentPostprocessing = 0;
		};
		6887352C2DD1CA5100CFC8C2 /* Sources */ = {
			isa = PBXSourcesBuildPhase;
			buildActionMask = 2147483647;
			files = (
			);
			runOnlyForDeploymentPostprocessing = 0;
		};
/* End PBXSourcesBuildPhase section */

/* Begin PBXTargetDependency section */
		688735282DD1CA5100CFC8C2 /* PBXTargetDependency */ = {
			isa = PBXTargetDependency;
			target = 688735172DD1CA4F00CFC8C2 /* DeepLCloneMacApp */;
			targetProxy = 688735272DD1CA5100CFC8C2 /* PBXContainerItemProxy */;
		};
		688735322DD1CA5100CFC8C2 /* PBXTargetDependency */ = {
			isa = PBXTargetDependency;
			target = 688735172DD1CA4F00CFC8C2 /* DeepLCloneMacApp */;
			targetProxy = 688735312DD1CA5100CFC8C2 /* PBXContainerItemProxy */;
		};
/* End PBXTargetDependency section */

/* Begin XCBuildConfiguration section */
		688735382DD1CA5100CFC8C2 /* Debug */ = {
			isa = XCBuildConfiguration;
			buildSettings = {
				ALWAYS_SEARCH_USER_PATHS = NO;
				ASSETCATALOG_COMPILER_GENERATE_SWIFT_ASSET_SYMBOL_EXTENSIONS = YES;
				CLANG_ANALYZER_NONNULL = YES;
				CLANG_ANALYZER_NUMBER_OBJECT_CONVERSION = YES_AGGRESSIVE;
				CLANG_CXX_LANGUAGE_STANDARD = "gnu++20";
				CLANG_ENABLE_MODULES = YES;
				CLANG_ENABLE_OBJC_ARC = YES;
				CLANG_ENABLE_OBJC_WEAK = YES;
				CLANG_WARN_BLOCK_CAPTURE_AUTORELEASING = YES;
				CLANG_WARN_BOOL_CONVERSION = YES;
				CLANG_WARN_COMMA = YES;
				CLANG_WARN_CONSTANT_CONVERSION = YES;
				CLANG_WARN_DEPRECATED_OBJC_IMPLEMENTATIONS = YES;
				CLANG_WARN_DIRECT_OBJC_ISA_USAGE = YES_ERROR;
				CLANG_WARN_DOCUMENTATION_COMMENTS = YES;
				CLANG_WARN_EMPTY_BODY = YES;
				CLANG_WARN_ENUM_CONVERSION = YES;
				CLANG_WARN_INFINITE_RECURSION = YES;
				CLANG_WARN_INT_CONVERSION = YES;
				CLANG_WARN_NON_LITERAL_NULL_CONVERSION = YES;
				CLANG_WARN_OBJC_IMPLICIT_RETAIN_SELF = YES;
				CLANG_WARN_OBJC_LITERAL_CONVERSION = YES;
				CLANG_WARN_OBJC_ROOT_CLASS = YES_ERROR;
				CLANG_WARN_QUOTED_INCLUDE_IN_FRAMEWORK_HEADER = YES;
				CLANG_WARN_RANGE_LOOP_ANALYSIS = YES;
				CLANG_WARN_STRICT_PROTOTYPES = YES;
				CLANG_WARN_SUSPICIOUS_MOVE = YES;
				CLANG_WARN_UNGUARDED_AVAILABILITY = YES_AGGRESSIVE;
				CLANG_WARN_UNREACHABLE_CODE = YES;
				CLANG_WARN__DUPLICATE_METHOD_MATCH = YES;
				COPY_PHASE_STRIP = NO;
				DEBUG_INFORMATION_FORMAT = dwarf;
				ENABLE_STRICT_OBJC_MSGSEND = YES;
				ENABLE_TESTABILITY = YES;
				ENABLE_USER_SCRIPT_SANDBOXING = YES;
				GCC_C_LANGUAGE_STANDARD = gnu17;
				GCC_DYNAMIC_NO_PIC = NO;
				GCC_NO_COMMON_BLOCKS = YES;
				GCC_OPTIMIZATION_LEVEL = 0;
				GCC_PREPROCESSOR_DEFINITIONS = (
					"DEBUG=1",
					"$(inherited)",
				);
				GCC_WARN_64_TO_32_BIT_CONVERSION = YES;
				GCC_WARN_ABOUT_RETURN_TYPE = YES_ERROR;
				GCC_WARN_UNDECLARED_SELECTOR = YES;
				GCC_WARN_UNINITIALIZED_AUTOS = YES_AGGRESSIVE;
				GCC_WARN_UNUSED_FUNCTION = YES;
				GCC_WARN_UNUSED_VARIABLE = YES;
				LOCALIZATION_PREFERS_STRING_CATALOGS = YES;
				MACOSX_DEPLOYMENT_TARGET = 15.4;
				MTL_ENABLE_DEBUG_INFO = INCLUDE_SOURCE;
				MTL_FAST_MATH = YES;
				ONLY_ACTIVE_ARCH = YES;
				SDKROOT = macosx;
				SWIFT_ACTIVE_COMPILATION_CONDITIONS = "DEBUG $(inherited)";
				SWIFT_OPTIMIZATION_LEVEL = "-Onone";
			};
			name = Debug;
		};
		688735392DD1CA5100CFC8C2 /* Release */ = {
			isa = XCBuildConfiguration;
			buildSettings = {
				ALWAYS_SEARCH_USER_PATHS = NO;
				ASSETCATALOG_COMPILER_GENERATE_SWIFT_ASSET_SYMBOL_EXTENSIONS = YES;
				CLANG_ANALYZER_NONNULL = YES;
				CLANG_ANALYZER_NUMBER_OBJECT_CONVERSION = YES_AGGRESSIVE;
				CLANG_CXX_LANGUAGE_STANDARD = "gnu++20";
				CLANG_ENABLE_MODULES = YES;
				CLANG_ENABLE_OBJC_ARC = YES;
				CLANG_ENABLE_OBJC_WEAK = YES;
				CLANG_WARN_BLOCK_CAPTURE_AUTORELEASING = YES;
				CLANG_WARN_BOOL_CONVERSION = YES;
				CLANG_WARN_COMMA = YES;
				CLANG_WARN_CONSTANT_CONVERSION = YES;
				CLANG_WARN_DEPRECATED_OBJC_IMPLEMENTATIONS = YES;
				CLANG_WARN_DIRECT_OBJC_ISA_USAGE = YES_ERROR;
				CLANG_WARN_DOCUMENTATION_COMMENTS = YES;
				CLANG_WARN_EMPTY_BODY = YES;
				CLANG_WARN_ENUM_CONVERSION = YES;
				CLANG_WARN_INFINITE_RECURSION = YES;
				CLANG_WARN_INT_CONVERSION = YES;
				CLANG_WARN_NON_LITERAL_NULL_CONVERSION = YES;
				CLANG_WARN_OBJC_IMPLICIT_RETAIN_SELF = YES;
				CLANG_WARN_OBJC_LITERAL_CONVERSION = YES;
				CLANG_WARN_OBJC_ROOT_CLASS = YES_ERROR;
				CLANG_WARN_QUOTED_INCLUDE_IN_FRAMEWORK_HEADER = YES;
				CLANG_WARN_RANGE_LOOP_ANALYSIS = YES;
				CLANG_WARN_STRICT_PROTOTYPES = YES;
				CLANG_WARN_SUSPICIOUS_MOVE = YES;
				CLANG_WARN_UNGUARDED_AVAILABILITY = YES_AGGRESSIVE;
				CLANG_WARN_UNREACHABLE_CODE = YES;
				CLANG_WARN__DUPLICATE_METHOD_MATCH = YES;
				COPY_PHASE_STRIP = NO;
				DEBUG_INFORMATION_FORMAT = "dwarf-with-dsym";
				ENABLE_NS_ASSERTIONS = NO;
				ENABLE_STRICT_OBJC_MSGSEND = YES;
				ENABLE_USER_SCRIPT_SANDBOXING = YES;
				GCC_C_LANGUAGE_STANDARD = gnu17;
				GCC_NO_COMMON_BLOCKS = YES;
				GCC_WARN_64_TO_32_BIT_CONVERSION = YES;
				GCC_WARN_ABOUT_RETURN_TYPE = YES_ERROR;
				GCC_WARN_UNDECLARED_SELECTOR = YES;
				GCC_WARN_UNINITIALIZED_AUTOS = YES_AGGRESSIVE;
				GCC_WARN_UNUSED_FUNCTION = YES;
				GCC_WARN_UNUSED_VARIABLE = YES;
				LOCALIZATION_PREFERS_STRING_CATALOGS = YES;
				MACOSX_DEPLOYMENT_TARGET = 15.4;
				MTL_ENABLE_DEBUG_INFO = NO;
				MTL_FAST_MATH = YES;
				SDKROOT = macosx;
				SWIFT_COMPILATION_MODE = wholemodule;
			};
			name = Release;
		};
		6887353B2DD1CA5100CFC8C2 /* Debug */ = {
			isa = XCBuildConfiguration;
			buildSettings = {
				ASSETCATALOG_COMPILER_APPICON_NAME = AppIcon;
				ASSETCATALOG_COMPILER_GLOBAL_ACCENT_COLOR_NAME = AccentColor;
				CODE_SIGN_ENTITLEMENTS = DeepLCloneMacApp/DeepLCloneMacApp.entitlements;
				CODE_SIGN_STYLE = Automatic;
				COMBINE_HIDPI_IMAGES = YES;
				CURRENT_PROJECT_VERSION = 1;
				ENABLE_PREVIEWS = YES;
				GENERATE_INFOPLIST_FILE = YES;
				INFOPLIST_KEY_NSHumanReadableCopyright = "";
				LD_RUNPATH_SEARCH_PATHS = (
					"$(inherited)",
					"@executable_path/../Frameworks",
				);
				MARKETING_VERSION = 1.0;
				PRODUCT_BUNDLE_IDENTIFIER = com.matsuhiro.DeepLCloneMacApp;
				PRODUCT_NAME = "$(TARGET_NAME)";
				REGISTER_APP_GROUPS = YES;
				SWIFT_EMIT_LOC_STRINGS = YES;
				SWIFT_VERSION = 5.0;
			};
			name = Debug;
		};
		6887353C2DD1CA5100CFC8C2 /* Release */ = {
			isa = XCBuildConfiguration;
			buildSettings = {
				ASSETCATALOG_COMPILER_APPICON_NAME = AppIcon;
				ASSETCATALOG_COMPILER_GLOBAL_ACCENT_COLOR_NAME = AccentColor;
				CODE_SIGN_ENTITLEMENTS = DeepLCloneMacApp/DeepLCloneMacApp.entitlements;
				CODE_SIGN_STYLE = Automatic;
				COMBINE_HIDPI_IMAGES = YES;
				CURRENT_PROJECT_VERSION = 1;
				ENABLE_PREVIEWS = YES;
				GENERATE_INFOPLIST_FILE = YES;
				INFOPLIST_KEY_NSHumanReadableCopyright = "";
				LD_RUNPATH_SEARCH_PATHS = (
					"$(inherited)",
					"@executable_path/../Frameworks",
				);
				MARKETING_VERSION = 1.0;
				PRODUCT_BUNDLE_IDENTIFIER = com.matsuhiro.DeepLCloneMacApp;
				PRODUCT_NAME = "$(TARGET_NAME)";
				REGISTER_APP_GROUPS = YES;
				SWIFT_EMIT_LOC_STRINGS = YES;
				SWIFT_VERSION = 5.0;
			};
			name = Release;
		};
		6887353E2DD1CA5100CFC8C2 /* Debug */ = {
			isa = XCBuildConfiguration;
			buildSettings = {
				BUNDLE_LOADER = "$(TEST_HOST)";
				CODE_SIGN_STYLE = Automatic;
				CURRENT_PROJECT_VERSION = 1;
				GENERATE_INFOPLIST_FILE = YES;
				MACOSX_DEPLOYMENT_TARGET = 15.4;
				MARKETING_VERSION = 1.0;
				PRODUCT_BUNDLE_IDENTIFIER = com.matsuhiro.DeepLCloneMacAppTests;
				PRODUCT_NAME = "$(TARGET_NAME)";
				SWIFT_EMIT_LOC_STRINGS = NO;
				SWIFT_VERSION = 5.0;
				TEST_HOST = "$(BUILT_PRODUCTS_DIR)/DeepLCloneMacApp.app/$(BUNDLE_EXECUTABLE_FOLDER_PATH)/DeepLCloneMacApp";
			};
			name = Debug;
		};
		6887353F2DD1CA5100CFC8C2 /* Release */ = {
			isa = XCBuildConfiguration;
			buildSettings = {
				BUNDLE_LOADER = "$(TEST_HOST)";
				CODE_SIGN_STYLE = Automatic;
				CURRENT_PROJECT_VERSION = 1;
				GENERATE_INFOPLIST_FILE = YES;
				MACOSX_DEPLOYMENT_TARGET = 15.4;
				MARKETING_VERSION = 1.0;
				PRODUCT_BUNDLE_IDENTIFIER = com.matsuhiro.DeepLCloneMacAppTests;
				PRODUCT_NAME = "$(TARGET_NAME)";
				SWIFT_EMIT_LOC_STRINGS = NO;
				SWIFT_VERSION = 5.0;
				TEST_HOST = "$(BUILT_PRODUCTS_DIR)/DeepLCloneMacApp.app/$(BUNDLE_EXECUTABLE_FOLDER_PATH)/DeepLCloneMacApp";
			};
			name = Release;
		};
		688735412DD1CA5100CFC8C2 /* Debug */ = {
			isa = XCBuildConfiguration;
			buildSettings = {
				CODE_SIGN_STYLE = Automatic;
				CURRENT_PROJECT_VERSION = 1;
				GENERATE_INFOPLIST_FILE = YES;
				MARKETING_VERSION = 1.0;
				PRODUCT_BUNDLE_IDENTIFIER = com.matsuhiro.DeepLCloneMacAppUITests;
				PRODUCT_NAME = "$(TARGET_NAME)";
				SWIFT_EMIT_LOC_STRINGS = NO;
				SWIFT_VERSION = 5.0;
				TEST_TARGET_NAME = DeepLCloneMacApp;
			};
			name = Debug;
		};
		688735422DD1CA5100CFC8C2 /* Release */ = {
			isa = XCBuildConfiguration;
			buildSettings = {
				CODE_SIGN_STYLE = Automatic;
				CURRENT_PROJECT_VERSION = 1;
				GENERATE_INFOPLIST_FILE = YES;
				MARKETING_VERSION = 1.0;
				PRODUCT_BUNDLE_IDENTIFIER = com.matsuhiro.DeepLCloneMacAppUITests;
				PRODUCT_NAME = "$(TARGET_NAME)";
				SWIFT_EMIT_LOC_STRINGS = NO;
				SWIFT_VERSION = 5.0;
				TEST_TARGET_NAME = DeepLCloneMacApp;
			};
			name = Release;
		};
/* End XCBuildConfiguration section */

/* Begin XCConfigurationList section */
		688735132DD1CA4F00CFC8C2 /* Build configuration list for PBXProject "DeepLCloneMacApp" */ = {
			isa = XCConfigurationList;
			buildConfigurations = (
				688735382DD1CA5100CFC8C2 /* Debug */,
				688735392DD1CA5100CFC8C2 /* Release */,
			);
			defaultConfigurationIsVisible = 0;
			defaultConfigurationName = Release;
		};
		6887353A2DD1CA5100CFC8C2 /* Build configuration list for PBXNativeTarget "DeepLCloneMacApp" */ = {
			isa = XCConfigurationList;
			buildConfigurations = (
				6887353B2DD1CA5100CFC8C2 /* Debug */,
				6887353C2DD1CA5100CFC8C2 /* Release */,
			);
			defaultConfigurationIsVisible = 0;
			defaultConfigurationName = Release;
		};
		6887353D2DD1CA5100CFC8C2 /* Build configuration list for PBXNativeTarget "DeepLCloneMacAppTests" */ = {
			isa = XCConfigurationList;
			buildConfigurations = (
				6887353E2DD1CA5100CFC8C2 /* Debug */,
				6887353F2DD1CA5100CFC8C2 /* Release */,
			);
			defaultConfigurationIsVisible = 0;
			defaultConfigurationName = Release;
		};
		688735402DD1CA5100CFC8C2 /* Build configuration list for PBXNativeTarget "DeepLCloneMacAppUITests" */ = {
			isa = XCConfigurationList;
			buildConfigurations = (
				688735412DD1CA5100CFC8C2 /* Debug */,
				688735422DD1CA5100CFC8C2 /* Release */,
			);
			defaultConfigurationIsVisible = 0;
			defaultConfigurationName = Release;
		};
/* End XCConfigurationList section */

/* Begin XCRemoteSwiftPackageReference section */
		688735432DD1CB8700CFC8C2 /* XCRemoteSwiftPackageReference "HotKey" */ = {
			isa = XCRemoteSwiftPackageReference;
			repositoryURL = "https://github.com/soffes/HotKey";
			requirement = {
				branch = main;
				kind = branch;
			};
		};
/* End XCRemoteSwiftPackageReference section */

/* Begin XCSwiftPackageProductDependency section */
		6887354B2DD1CDC500CFC8C2 /* HotKey */ = {
			isa = XCSwiftPackageProductDependency;
			package = 688735432DD1CB8700CFC8C2 /* XCRemoteSwiftPackageReference "HotKey" */;
			productName = HotKey;
		};
/* End XCSwiftPackageProductDependency section */
	};
	rootObject = 688735102DD1CA4F00CFC8C2 /* Project object */;
}
